
Microsoft Visual Studio Solution File, Format Version 12.00
# Visual Studio Version 17
VisualStudioVersion = 17.10.35122.118
MinimumVisualStudioVersion = 10.0.40219.1
Project("{FAE04EC0-301F-11D3-BF4B-00C04F79EFBC}") = "PasswordGeneratorUWP", "PasswordGeneratorUWP.csproj", "{3E9C16FB-7D83-4267-BA2D-B25DA5FE1A69}"
EndProject
Global
	GlobalSection(SolutionConfigurationPlatforms) = preSolution
		Debug|Any CPU = Debug|Any CPU
		Debug|ARM = Debug|ARM
		Debug|ARM64 = Debug|ARM64
		Debug|x64 = Debug|x64
		Debug|x86 = Debug|x86
		Release|Any CPU = Release|Any CPU
		Release|ARM = Release|ARM
		Release|ARM64 = Release|ARM64
		Release|x64 = Release|x64
		Release|x86 = Release|x86
	EndGlobalSection
	GlobalSection(ProjectConfigurationPlatforms) = postSolution
		{3E9C16FB-7D83-4267-BA2D-B25DA5FE1A69}.Debug|Any CPU.ActiveCfg = Debug|Any CPU
		{3E9C16FB-7D83-4267-BA2D-B25DA5FE1A69}.Debug|Any CPU.Build.0 = Debug|Any CPU
		{3E9C16FB-7D83-4267-BA2D-B25DA5FE1A69}.Debug|Any CPU.Deploy.0 = Debug|Any CPU
		{3E9C16FB-7D83-4267-BA2D-B25DA5FE1A69}.Debug|ARM.ActiveCfg = Debug|ARM
		{3E9C16FB-7D83-4267-BA2D-B25DA5FE1A69}.Debug|ARM.Build.0 = Debug|ARM
		{3E9C16FB-7D83-4267-BA2D-B25DA5FE1A69}.Debug|ARM.Deploy.0 = Debug|ARM
		{3E9C16FB-7D83-4267-BA2D-B25DA5FE1A69}.Debug|ARM64.ActiveCfg = Debug|ARM64
		{3E9C16FB-7D83-4267-BA2D-B25DA5FE1A69}.Debug|ARM64.Build.0 = Debug|ARM64
		{3E9C16FB-7D83-4267-BA2D-B25DA5FE1A69}.Debug|ARM64.Deploy.0 = Debug|ARM64
		{3E9C16FB-7D83-4267-BA2D-B25DA5FE1A69}.Debug|x64.ActiveCfg = Debug|x64
		{3E9C16FB-7D83-4267-BA2D-B25DA5FE1A69}.Debug|x64.Build.0 = Debug|x64
		{3E9C16FB-7D83-4267-BA2D-B25DA5FE1A69}.Debug|x64.Deploy.0 = Debug|x64
		{3E9C16FB-7D83-4267-BA2D-B25DA5FE1A69}.Debug|x86.ActiveCfg = Debug|Win32
		{3E9C16FB-7D83-4267-BA2D-B25DA5FE1A69}.Debug|x86.Build.0 = Debug|Win32
		{3E9C16FB-7D83-4267-BA2D-B25DA5FE1A69}.Debug|x86.Deploy.0 = Debug|Win32
		{3E9C16FB-7D83-4267-BA2D-B25DA5FE1A69}.Release|Any CPU.ActiveCfg = Release|Any CPU
		{3E9C16FB-7D83-4267-BA2D-B25DA5FE1A69}.Release|Any CPU.Build.0 = Release|Any CPU
		{3E9C16FB-7D83-4267-BA2D-B25DA5FE1A69}.Release|Any CPU.Deploy.0 = Release|Any CPU
		{3E9C16FB-7D83-4267-BA2D-B25DA5FE1A69}.Release|ARM.ActiveCfg = Release|ARM
		{3E9C16FB-7D83-4267-BA2D-B25DA5FE1A69}.Release|ARM.Build.0 = Release|ARM
		{3E9C16FB-7D83-4267-BA2D-B25DA5FE1A69}.Release|ARM.Deploy.0 = Release|ARM
		{3E9C16FB-7D83-4267-BA2D-B25DA5FE1A69}.Release|ARM64.ActiveCfg = Release|ARM64
		{3E9C16FB-7D83-4267-BA2D-B25DA5FE1A69}.Release|ARM64.Build.0 = Release|ARM64
		{3E9C16FB-7D83-4267-BA2D-B25DA5FE1A69}.Release|ARM64.Deploy.0 = Release|ARM64
		{3E9C16FB-7D83-4267-BA2D-B25DA5FE1A69}.Release|x64.ActiveCfg = Release|x64
		{3E9C16FB-7D83-4267-BA2D-B25DA5FE1A69}.Release|x64.Build.0 = Release|x64
		{3E9C16FB-7D83-4267-BA2D-B25DA5FE1A69}.Release|x64.Deploy.0 = Release|x64
		{3E9C16FB-7D83-4267-BA2D-B25DA5FE1A69}.Release|x86.ActiveCfg = Release|Win32
		{3E9C16FB-7D83-4267-BA2D-B25DA5FE1A69}.Release|x86.Build.0 = Release|Win32
		{3E9C16FB-7D83-4267-BA2D-B25DA5FE1A69}.Release|x86.Deploy.0 = Release|Win32
	EndGlobalSection
	GlobalSection(SolutionProperties) = preSolution
		HideSolutionNode = FALSE
	EndGlobalSection
	GlobalSection(ExtensibilityGlobals) = postSolution
		SolutionGuid = {09D10FE3-D714-4887-9DA8-CB8006A50C50}
	EndGlobalSection
EndGlobal
